
Microsoft Visual Studio Solution File, Format Version 12.00
# Visual Studio Version 16
VisualStudioVersion = 16.0.31702.278
MinimumVisualStudioVersion = 10.0.40219.1
Project("{FAE04EC0-301F-11D3-BF4B-00C04F79EFBC}") = "GetYourKnowledge", "GetYourKnowledge.csproj", "{99E5C3BB-8550-43F7-8F90-38F33819BFB1}"
EndProject
Global
	GlobalSection(SolutionConfigurationPlatforms) = preSolution
		Debug|Any CPU = Debug|Any CPU
		Release|Any CPU = Release|Any CPU
	EndGlobalSection
	GlobalSection(ProjectConfigurationPlatforms) = postSolution
		{99E5C3BB-8550-43F7-8F90-38F33819BFB1}.Debug|Any CPU.ActiveCfg = Debug|Any CPU
		{99E5C3BB-8550-43F7-8F90-38F33819BFB1}.Debug|Any CPU.Build.0 = Debug|Any CPU
		{99E5C3BB-8550-43F7-8F90-38F33819BFB1}.Release|Any CPU.ActiveCfg = Release|Any CPU
		{99E5C3BB-8550-43F7-8F90-38F33819BFB1}.Release|Any CPU.Build.0 = Release|Any CPU
	EndGlobalSection
	GlobalSection(SolutionProperties) = preSolution
		HideSolutionNode = FALSE
	EndGlobalSection
	GlobalSection(ExtensibilityGlobals) = postSolution
		SolutionGuid = {0609D627-44C1-48C3-98B6-A86A455DDCC4}
	EndGlobalSection
EndGlobal
